{
  "version": 4,
  "terraform_version": "1.1.7",
  "serial": 8,
  "lineage": "7508e96c-6cf3-01c1-9ae6-7bf89ecdf52f",
  "outputs": {
    "storage_access_key": {
      "value": "yNLk34DDOfCFAcyx1xBPsTSX+lmEyHiVkaeFyVC+cMbZOucRNttRedqYVckqUTUElbCRk5nl8tK8+AStmt2KSg==",
      "type": "string",
      "sensitive": true
    },
    "storage_account_name": {
      "value": "tfstateppssw",
      "type": "string"
    },
    "storage_container_name": {
      "value": "tfstate",
      "type": "string"
    }
  },
  "resources": [
    {
      "mode": "data",
      "type": "azurerm_storage_account",
      "name": "tfstate",
      "provider": "provider[\"registry.terraform.io/hashicorp/azurerm\"]",
      "instances": [
        {
          "schema_version": 0,
          "attributes": {
            "access_tier": "Hot",
            "account_kind": "StorageV2",
            "account_replication_type": "LRS",
            "account_tier": "Standard",
            "allow_nested_items_to_be_public": true,
            "azure_files_authentication": [],
            "custom_domain": null,
            "enable_https_traffic_only": true,
            "id": "/subscriptions/c41269cb-c572-439e-b7af-198f2c494c0b/resourceGroups/rg-tfstate/providers/Microsoft.Storage/storageAccounts/tfstateppssw",
            "identity": [],
            "infrastructure_encryption_enabled": false,
            "is_hns_enabled": false,
            "location": "eastasia",
            "min_tls_version": "TLS1_2",
            "name": "tfstateppssw",
            "nfsv3_enabled": false,
            "primary_access_key": "yNLk34DDOfCFAcyx1xBPsTSX+lmEyHiVkaeFyVC+cMbZOucRNttRedqYVckqUTUElbCRk5nl8tK8+AStmt2KSg==",
            "primary_blob_connection_string": "DefaultEndpointsProtocol=https;BlobEndpoint=https://tfstateppssw.blob.core.windows.net/;AccountName=tfstateppssw;AccountKey=yNLk34DDOfCFAcyx1xBPsTSX+lmEyHiVkaeFyVC+cMbZOucRNttRedqYVckqUTUElbCRk5nl8tK8+AStmt2KSg==",
            "primary_blob_endpoint": "https://tfstateppssw.blob.core.windows.net/",
            "primary_blob_host": "tfstateppssw.blob.core.windows.net",
            "primary_connection_string": "DefaultEndpointsProtocol=https;AccountName=tfstateppssw;AccountKey=yNLk34DDOfCFAcyx1xBPsTSX+lmEyHiVkaeFyVC+cMbZOucRNttRedqYVckqUTUElbCRk5nl8tK8+AStmt2KSg==;EndpointSuffix=core.windows.net",
            "primary_dfs_endpoint": "https://tfstateppssw.dfs.core.windows.net/",
            "primary_dfs_host": "tfstateppssw.dfs.core.windows.net",
            "primary_file_endpoint": "https://tfstateppssw.file.core.windows.net/",
            "primary_file_host": "tfstateppssw.file.core.windows.net",
            "primary_location": "eastasia",
            "primary_queue_endpoint": "https://tfstateppssw.queue.core.windows.net/",
            "primary_queue_host": "tfstateppssw.queue.core.windows.net",
            "primary_table_endpoint": "https://tfstateppssw.table.core.windows.net/",
            "primary_table_host": "tfstateppssw.table.core.windows.net",
            "primary_web_endpoint": "https://tfstateppssw.z7.web.core.windows.net/",
            "primary_web_host": "tfstateppssw.z7.web.core.windows.net",
            "queue_encryption_key_type": "Service",
            "resource_group_name": "rg-tfstate",
            "secondary_access_key": "glI6UMTjmSpGjSN73ZulU9rCM2wauLWSu6gMkDKjExZ2rDp+MqjcBvYYRdtOfZen0SOgtwKVIWrS+AStKKkIBQ==",
            "secondary_blob_connection_string": "",
            "secondary_blob_endpoint": null,
            "secondary_blob_host": null,
            "secondary_connection_string": "DefaultEndpointsProtocol=https;AccountName=tfstateppssw;AccountKey=glI6UMTjmSpGjSN73ZulU9rCM2wauLWSu6gMkDKjExZ2rDp+MqjcBvYYRdtOfZen0SOgtwKVIWrS+AStKKkIBQ==;EndpointSuffix=core.windows.net",
            "secondary_dfs_endpoint": null,
            "secondary_dfs_host": null,
            "secondary_file_endpoint": null,
            "secondary_file_host": null,
            "secondary_location": "",
            "secondary_queue_endpoint": null,
            "secondary_queue_host": null,
            "secondary_table_endpoint": null,
            "secondary_table_host": null,
            "secondary_web_endpoint": null,
            "secondary_web_host": null,
            "table_encryption_key_type": "Service",
            "tags": {},
            "timeouts": null
          },
          "sensitive_attributes": []
        }
      ]
    },
    {
      "mode": "data",
      "type": "azurerm_storage_container",
      "name": "tfstate",
      "provider": "provider[\"registry.terraform.io/hashicorp/azurerm\"]",
      "instances": [
        {
          "schema_version": 0,
          "attributes": {
            "container_access_type": "blob",
            "has_immutability_policy": false,
            "has_legal_hold": false,
            "id": "https://tfstateppssw.blob.core.windows.net/tfstate",
            "metadata": {},
            "name": "tfstate",
            "resource_manager_id": "/subscriptions/c41269cb-c572-439e-b7af-198f2c494c0b/resourceGroups/rg-tfstate/providers/Microsoft.Storage/storageAccounts/tfstateppssw/blobServices/default/containers/tfstate",
            "storage_account_name": "tfstateppssw",
            "timeouts": null
          },
          "sensitive_attributes": []
        }
      ]
    },
    {
      "mode": "managed",
      "type": "azurerm_resource_group",
      "name": "tfstate",
      "provider": "provider[\"registry.terraform.io/hashicorp/azurerm\"]",
      "instances": [
        {
          "schema_version": 0,
          "attributes": {
            "id": "/subscriptions/c41269cb-c572-439e-b7af-198f2c494c0b/resourceGroups/rg-tfstate",
            "location": "eastasia",
            "name": "rg-tfstate",
            "tags": {},
            "timeouts": null
          },
          "sensitive_attributes": [],
          "private": "eyJlMmJmYjczMC1lY2FhLTExZTYtOGY4OC0zNDM2M2JjN2M0YzAiOnsiY3JlYXRlIjo1NDAwMDAwMDAwMDAwLCJkZWxldGUiOjU0MDAwMDAwMDAwMDAsInJlYWQiOjMwMDAwMDAwMDAwMCwidXBkYXRlIjo1NDAwMDAwMDAwMDAwfX0="
        }
      ]
    },
    {
      "mode": "managed",
      "type": "azurerm_storage_account",
      "name": "tfstate",
      "provider": "provider[\"registry.terraform.io/hashicorp/azurerm\"]",
      "instances": [
        {
          "schema_version": 3,
          "attributes": {
            "access_tier": "Hot",
            "account_kind": "StorageV2",
            "account_replication_type": "LRS",
            "account_tier": "Standard",
            "allow_nested_items_to_be_public": true,
            "azure_files_authentication": [],
            "blob_properties": [
              {
                "change_feed_enabled": false,
                "change_feed_retention_in_days": 0,
                "container_delete_retention_policy": [],
                "cors_rule": [],
                "default_service_version": "",
                "delete_retention_policy": [],
                "last_access_time_enabled": false,
                "versioning_enabled": false
              }
            ],
            "cross_tenant_replication_enabled": true,
            "custom_domain": [],
            "customer_managed_key": [],
            "default_to_oauth_authentication": false,
            "edge_zone": "",
            "enable_https_traffic_only": true,
            "id": "/subscriptions/c41269cb-c572-439e-b7af-198f2c494c0b/resourceGroups/rg-tfstate/providers/Microsoft.Storage/storageAccounts/tfstateppssw",
            "identity": [],
            "infrastructure_encryption_enabled": false,
            "is_hns_enabled": false,
            "large_file_share_enabled": null,
            "location": "eastasia",
            "min_tls_version": "TLS1_2",
            "name": "tfstateppssw",
            "network_rules": [
              {
                "bypass": [
                  "AzureServices"
                ],
                "default_action": "Allow",
                "ip_rules": [],
                "private_link_access": [],
                "virtual_network_subnet_ids": []
              }
            ],
            "nfsv3_enabled": false,
            "primary_access_key": "yNLk34DDOfCFAcyx1xBPsTSX+lmEyHiVkaeFyVC+cMbZOucRNttRedqYVckqUTUElbCRk5nl8tK8+AStmt2KSg==",
            "primary_blob_connection_string": "DefaultEndpointsProtocol=https;BlobEndpoint=https://tfstateppssw.blob.core.windows.net/;AccountName=tfstateppssw;AccountKey=yNLk34DDOfCFAcyx1xBPsTSX+lmEyHiVkaeFyVC+cMbZOucRNttRedqYVckqUTUElbCRk5nl8tK8+AStmt2KSg==",
            "primary_blob_endpoint": "https://tfstateppssw.blob.core.windows.net/",
            "primary_blob_host": "tfstateppssw.blob.core.windows.net",
            "primary_connection_string": "DefaultEndpointsProtocol=https;AccountName=tfstateppssw;AccountKey=yNLk34DDOfCFAcyx1xBPsTSX+lmEyHiVkaeFyVC+cMbZOucRNttRedqYVckqUTUElbCRk5nl8tK8+AStmt2KSg==;EndpointSuffix=core.windows.net",
            "primary_dfs_endpoint": "https://tfstateppssw.dfs.core.windows.net/",
            "primary_dfs_host": "tfstateppssw.dfs.core.windows.net",
            "primary_file_endpoint": "https://tfstateppssw.file.core.windows.net/",
            "primary_file_host": "tfstateppssw.file.core.windows.net",
            "primary_location": "eastasia",
            "primary_queue_endpoint": "https://tfstateppssw.queue.core.windows.net/",
            "primary_queue_host": "tfstateppssw.queue.core.windows.net",
            "primary_table_endpoint": "https://tfstateppssw.table.core.windows.net/",
            "primary_table_host": "tfstateppssw.table.core.windows.net",
            "primary_web_endpoint": "https://tfstateppssw.z7.web.core.windows.net/",
            "primary_web_host": "tfstateppssw.z7.web.core.windows.net",
            "public_network_access_enabled": true,
            "queue_encryption_key_type": "Service",
            "queue_properties": [
              {
                "cors_rule": [],
                "hour_metrics": [
                  {
                    "enabled": true,
                    "include_apis": true,
                    "retention_policy_days": 7,
                    "version": "1.0"
                  }
                ],
                "logging": [
                  {
                    "delete": false,
                    "read": false,
                    "retention_policy_days": 0,
                    "version": "1.0",
                    "write": false
                  }
                ],
                "minute_metrics": [
                  {
                    "enabled": false,
                    "include_apis": false,
                    "retention_policy_days": 0,
                    "version": "1.0"
                  }
                ]
              }
            ],
            "resource_group_name": "rg-tfstate",
            "routing": [],
            "secondary_access_key": "glI6UMTjmSpGjSN73ZulU9rCM2wauLWSu6gMkDKjExZ2rDp+MqjcBvYYRdtOfZen0SOgtwKVIWrS+AStKKkIBQ==",
            "secondary_blob_connection_string": "",
            "secondary_blob_endpoint": null,
            "secondary_blob_host": null,
            "secondary_connection_string": "DefaultEndpointsProtocol=https;AccountName=tfstateppssw;AccountKey=glI6UMTjmSpGjSN73ZulU9rCM2wauLWSu6gMkDKjExZ2rDp+MqjcBvYYRdtOfZen0SOgtwKVIWrS+AStKKkIBQ==;EndpointSuffix=core.windows.net",
            "secondary_dfs_endpoint": null,
            "secondary_dfs_host": null,
            "secondary_file_endpoint": null,
            "secondary_file_host": null,
            "secondary_location": "",
            "secondary_queue_endpoint": null,
            "secondary_queue_host": null,
            "secondary_table_endpoint": null,
            "secondary_table_host": null,
            "secondary_web_endpoint": null,
            "secondary_web_host": null,
            "share_properties": [
              {
                "cors_rule": [],
                "retention_policy": [
                  {
                    "days": 7
                  }
                ],
                "smb": []
              }
            ],
            "shared_access_key_enabled": true,
            "static_website": [],
            "table_encryption_key_type": "Service",
            "tags": {},
            "timeouts": null
          },
          "sensitive_attributes": [],
          "private": "eyJlMmJmYjczMC1lY2FhLTExZTYtOGY4OC0zNDM2M2JjN2M0YzAiOnsiY3JlYXRlIjozNjAwMDAwMDAwMDAwLCJkZWxldGUiOjM2MDAwMDAwMDAwMDAsInJlYWQiOjMwMDAwMDAwMDAwMCwidXBkYXRlIjozNjAwMDAwMDAwMDAwfSwic2NoZW1hX3ZlcnNpb24iOiIzIn0=",
          "dependencies": [
            "azurerm_resource_group.tfstate",
            "random_string.resource_code"
          ]
        }
      ]
    },
    {
      "mode": "managed",
      "type": "azurerm_storage_container",
      "name": "tfstate",
      "provider": "provider[\"registry.terraform.io/hashicorp/azurerm\"]",
      "instances": [
        {
          "schema_version": 1,
          "attributes": {
            "container_access_type": "blob",
            "has_immutability_policy": false,
            "has_legal_hold": false,
            "id": "https://tfstateppssw.blob.core.windows.net/tfstate",
            "metadata": {},
            "name": "tfstate",
            "resource_manager_id": "/subscriptions/c41269cb-c572-439e-b7af-198f2c494c0b/resourceGroups/rg-tfstate/providers/Microsoft.Storage/storageAccounts/tfstateppssw/blobServices/default/containers/tfstate",
            "storage_account_name": "tfstateppssw",
            "timeouts": null
          },
          "sensitive_attributes": [],
          "private": "eyJlMmJmYjczMC1lY2FhLTExZTYtOGY4OC0zNDM2M2JjN2M0YzAiOnsiY3JlYXRlIjoxODAwMDAwMDAwMDAwLCJkZWxldGUiOjE4MDAwMDAwMDAwMDAsInJlYWQiOjMwMDAwMDAwMDAwMCwidXBkYXRlIjoxODAwMDAwMDAwMDAwfSwic2NoZW1hX3ZlcnNpb24iOiIxIn0=",
          "dependencies": [
            "azurerm_resource_group.tfstate",
            "azurerm_storage_account.tfstate",
            "random_string.resource_code"
          ]
        }
      ]
    },
    {
      "mode": "managed",
      "type": "random_string",
      "name": "resource_code",
      "provider": "provider[\"registry.terraform.io/hashicorp/random\"]",
      "instances": [
        {
          "schema_version": 2,
          "attributes": {
            "id": "ppssw",
            "keepers": null,
            "length": 5,
            "lower": true,
            "min_lower": 0,
            "min_numeric": 0,
            "min_special": 0,
            "min_upper": 0,
            "number": true,
            "numeric": true,
            "override_special": null,
            "result": "ppssw",
            "special": false,
            "upper": false
          },
          "sensitive_attributes": []
        }
      ]
    }
  ]
}
